github.com/flowdev/spaghetti-cutter v0.0.0-20200513121727-989873cfc038 h1:Vt2zfYlIJTV3eXPA4ja3w7UY3FSoyEBz93Sp8L3U97A=
github.com/flowdev/spaghetti-cutter/testdata/good-proj v0.0.0-20200513121727-989873cfc038 h1:DM0xtpwZjrM0/BnIGKphoroyBwLy97Ophrhg4imIrD4=
github.com/flowdev/spaghetti-cutter/testdata/good-proj v0.0.0-20200513121727-989873cfc038/go.mod h1:SV2G2i9vl/IX/5UEdrniiQP4UZDpgDtqUE7J6ON1TPA=
